// !$*UTF8*$!
{
	archiveVersion = 1;
	classes = {
	};
	objectVersion = 56;
	objects = {

/* Begin PBXBuildFile section */
		181430232B7D662A001CED17 /* HydroHunterApp.swift in Sources */ = {isa = PBXBuildFile; fileRef = 181430222B7D662A001CED17 /* HydroHunterApp.swift */; };
		181430252B7D662A001CED17 /* ContentView.swift in Sources */ = {isa = PBXBuildFile; fileRef = 181430242B7D662A001CED17 /* ContentView.swift */; };
		181430272B7D662B001CED17 /* Assets.xcassets in Resources */ = {isa = PBXBuildFile; fileRef = 181430262B7D662B001CED17 /* Assets.xcassets */; };
		1814302A2B7D662B001CED17 /* Preview Assets.xcassets in Resources */ = {isa = PBXBuildFile; fileRef = 181430292B7D662B001CED17 /* Preview Assets.xcassets */; };
		181430342B7D662C001CED17 /* HydroHunterTests.swift in Sources */ = {isa = PBXBuildFile; fileRef = 181430332B7D662C001CED17 /* HydroHunterTests.swift */; };
		1814303E2B7D662C001CED17 /* HydroHunterUITests.swift in Sources */ = {isa = PBXBuildFile; fileRef = 1814303D2B7D662C001CED17 /* HydroHunterUITests.swift */; };
		181430402B7D662C001CED17 /* HydroHunterUITestsLaunchTests.swift in Sources */ = {isa = PBXBuildFile; fileRef = 1814303F2B7D662C001CED17 /* HydroHunterUITestsLaunchTests.swift */; };
		184521122B8AC225003833BF /* MapView.swift in Sources */ = {isa = PBXBuildFile; fileRef = 184521112B8AC225003833BF /* MapView.swift */; };
/* End PBXBuildFile section */

/* Begin PBXContainerItemProxy section */
		181430302B7D662C001CED17 /* PBXContainerItemProxy */ = {
			isa = PBXContainerItemProxy;
			containerPortal = 181430172B7D662A001CED17 /* Project object */;
			proxyType = 1;
			remoteGlobalIDString = 1814301E2B7D662A001CED17;
			remoteInfo = HydroHunter;
		};
		1814303A2B7D662C001CED17 /* PBXContainerItemProxy */ = {
			isa = PBXContainerItemProxy;
			containerPortal = 181430172B7D662A001CED17 /* Project object */;
			proxyType = 1;
			remoteGlobalIDString = 1814301E2B7D662A001CED17;
			remoteInfo = HydroHunter;
		};
/* End PBXContainerItemProxy section */

/* Begin PBXFileReference section */
		1814301F2B7D662A001CED17 /* HydroHunter.app */ = {isa = PBXFileReference; explicitFileType = wrapper.application; includeInIndex = 0; path = HydroHunter.app; sourceTree = BUILT_PRODUCTS_DIR; };
		181430222B7D662A001CED17 /* HydroHunterApp.swift */ = {isa = PBXFileReference; lastKnownFileType = sourcecode.swift; path = HydroHunterApp.swift; sourceTree = "<group>"; };
		181430242B7D662A001CED17 /* ContentView.swift */ = {isa = PBXFileReference; lastKnownFileType = sourcecode.swift; path = ContentView.swift; sourceTree = "<group>"; };
		181430262B7D662B001CED17 /* Assets.xcassets */ = {isa = PBXFileReference; lastKnownFileType = folder.assetcatalog; path = Assets.xcassets; sourceTree = "<group>"; };
		181430292B7D662B001CED17 /* Preview Assets.xcassets */ = {isa = PBXFileReference; lastKnownFileType = folder.assetcatalog; path = "Preview Assets.xcassets"; sourceTree = "<group>"; };
		1814302F2B7D662C001CED17 /* HydroHunterTests.xctest */ = {isa = PBXFileReference; explicitFileType = wrapper.cfbundle; includeInIndex = 0; path = HydroHunterTests.xctest; sourceTree = BUILT_PRODUCTS_DIR; };
		181430332B7D662C001CED17 /* HydroHunterTests.swift */ = {isa = PBXFileReference; lastKnownFileType = sourcecode.swift; path = HydroHunterTests.swift; sourceTree = "<group>"; };
		181430392B7D662C001CED17 /* HydroHunterUITests.xctest */ = {isa = PBXFileReference; explicitFileType = wrapper.cfbundle; includeInIndex = 0; path = HydroHunterUITests.xctest; sourceTree = BUILT_PRODUCTS_DIR; };
		1814303D2B7D662C001CED17 /* HydroHunterUITests.swift */ = {isa = PBXFileReference; lastKnownFileType = sourcecode.swift; path = HydroHunterUITests.swift; sourceTree = "<group>"; };
		1814303F2B7D662C001CED17 /* HydroHunterUITestsLaunchTests.swift */ = {isa = PBXFileReference; lastKnownFileType = sourcecode.swift; path = HydroHunterUITestsLaunchTests.swift; sourceTree = "<group>"; };
		184521112B8AC225003833BF /* MapView.swift */ = {isa = PBXFileReference; lastKnownFileType = sourcecode.swift; path = MapView.swift; sourceTree = "<group>"; };
/* End PBXFileReference section */

/* Begin PBXFrameworksBuildPhase section */
		1814301C2B7D662A001CED17 /* Frameworks */ = {
			isa = PBXFrameworksBuildPhase;
			buildActionMask = 2147483647;
			files = (
			);
			runOnlyForDeploymentPostprocessing = 0;
		};
		1814302C2B7D662C001CED17 /* Frameworks */ = {
			isa = PBXFrameworksBuildPhase;
			buildActionMask = 2147483647;
			files = (
			);
			runOnlyForDeploymentPostprocessing = 0;
		};
		181430362B7D662C001CED17 /* Frameworks */ = {
			isa = PBXFrameworksBuildPhase;
			buildActionMask = 2147483647;
			files = (
			);
			runOnlyForDeploymentPostprocessing = 0;
		};
/* End PBXFrameworksBuildPhase section */

/* Begin PBXGroup section */
		181430162B7D662A001CED17 = {
			isa = PBXGroup;
			children = (
				181430212B7D662A001CED17 /* HydroHunter */,
				181430322B7D662C001CED17 /* HydroHunterTests */,
				1814303C2B7D662C001CED17 /* HydroHunterUITests */,
				181430202B7D662A001CED17 /* Products */,
			);
			sourceTree = "<group>";
		};
		181430202B7D662A001CED17 /* Products */ = {
			isa = PBXGroup;
			children = (
				1814301F2B7D662A001CED17 /* HydroHunter.app */,
				1814302F2B7D662C001CED17 /* HydroHunterTests.xctest */,
				181430392B7D662C001CED17 /* HydroHunterUITests.xctest */,
			);
			name = Products;
			sourceTree = "<group>";
		};
		181430212B7D662A001CED17 /* HydroHunter */ = {
			isa = PBXGroup;
			children = (
				181430222B7D662A001CED17 /* HydroHunterApp.swift */,
				184521112B8AC225003833BF /* MapView.swift */,
				181430242B7D662A001CED17 /* ContentView.swift */,
				181430262B7D662B001CED17 /* Assets.xcassets */,
				181430282B7D662B001CED17 /* Preview Content */,
			);
			path = HydroHunter;
			sourceTree = "<group>";
		};
		181430282B7D662B001CED17 /* Preview Content */ = {
			isa = PBXGroup;
			children = (
				181430292B7D662B001CED17 /* Preview Assets.xcassets */,
			);
			path = "Preview Content";
			sourceTree = "<group>";
		};
		181430322B7D662C001CED17 /* HydroHunterTests */ = {
			isa = PBXGroup;
			children = (
				181430332B7D662C001CED17 /* HydroHunterTests.swift */,
			);
			path = HydroHunterTests;
			sourceTree = "<group>";
		};
		1814303C2B7D662C001CED17 /* HydroHunterUITests */ = {
			isa = PBXGroup;
			children = (
				1814303D2B7D662C001CED17 /* HydroHunterUITests.swift */,
				1814303F2B7D662C001CED17 /* HydroHunterUITestsLaunchTests.swift */,
			);
			path = HydroHunterUITests;
			sourceTree = "<group>";
		};
/* End PBXGroup section */

/* Begin PBXNativeTarget section */
		1814301E2B7D662A001CED17 /* HydroHunter */ = {
			isa = PBXNativeTarget;
			buildConfigurationList = 181430432B7D662C001CED17 /* Build configuration list for PBXNativeTarget "HydroHunter" */;
			buildPhases = (
				1814301B2B7D662A001CED17 /* Sources */,
				1814301C2B7D662A001CED17 /* Frameworks */,
				1814301D2B7D662A001CED17 /* Resources */,
			);
			buildRules = (
			);
			dependencies = (
			);
			name = HydroHunter;
			productName = HydroHunter;
			productReference = 1814301F2B7D662A001CED17 /* HydroHunter.app */;
			productType = "com.apple.product-type.application";
		};
		1814302E2B7D662C001CED17 /* HydroHunterTests */ = {
			isa = PBXNativeTarget;
			buildConfigurationList = 181430462B7D662C001CED17 /* Build configuration list for PBXNativeTarget "HydroHunterTests" */;
			buildPhases = (
				1814302B2B7D662C001CED17 /* Sources */,
				1814302C2B7D662C001CED17 /* Frameworks */,
				1814302D2B7D662C001CED17 /* Resources */,
			);
			buildRules = (
			);
			dependencies = (
				181430312B7D662C001CED17 /* PBXTargetDependency */,
			);
			name = HydroHunterTests;
			productName = HydroHunterTests;
			productReference = 1814302F2B7D662C001CED17 /* HydroHunterTests.xctest */;
			productType = "com.apple.product-type.bundle.unit-test";
		};
		181430382B7D662C001CED17 /* HydroHunterUITests */ = {
			isa = PBXNativeTarget;
			buildConfigurationList = 181430492B7D662C001CED17 /* Build configuration list for PBXNativeTarget "HydroHunterUITests" */;
			buildPhases = (
				181430352B7D662C001CED17 /* Sources */,
				181430362B7D662C001CED17 /* Frameworks */,
				181430372B7D662C001CED17 /* Resources */,
			);
			buildRules = (
			);
			dependencies = (
				1814303B2B7D662C001CED17 /* PBXTargetDependency */,
			);
			name = HydroHunterUITests;
			productName = HydroHunterUITests;
			productReference = 181430392B7D662C001CED17 /* HydroHunterUITests.xctest */;
			productType = "com.apple.product-type.bundle.ui-testing";
		};
/* End PBXNativeTarget section */

/* Begin PBXProject section */
		181430172B7D662A001CED17 /* Project object */ = {
			isa = PBXProject;
			attributes = {
				BuildIndependentTargetsInParallel = 1;
				LastSwiftUpdateCheck = 1520;
				LastUpgradeCheck = 1520;
				TargetAttributes = {
					1814301E2B7D662A001CED17 = {
						CreatedOnToolsVersion = 15.2;
					};
					1814302E2B7D662C001CED17 = {
						CreatedOnToolsVersion = 15.2;
						TestTargetID = 1814301E2B7D662A001CED17;
					};
					181430382B7D662C001CED17 = {
						CreatedOnToolsVersion = 15.2;
						TestTargetID = 1814301E2B7D662A001CED17;
					};
				};
			};
			buildConfigurationList = 1814301A2B7D662A001CED17 /* Build configuration list for PBXProject "HydroHunter" */;
			compatibilityVersion = "Xcode 14.0";
			developmentRegion = en;
			hasScannedForEncodings = 0;
			knownRegions = (
				en,
				Base,
			);
			mainGroup = 181430162B7D662A001CED17;
			productRefGroup = 181430202B7D662A001CED17 /* Products */;
			projectDirPath = "";
			projectRoot = "";
			targets = (
				1814301E2B7D662A001CED17 /* HydroHunter */,
				1814302E2B7D662C001CED17 /* HydroHunterTests */,
				181430382B7D662C001CED17 /* HydroHunterUITests */,
			);
		};
/* End PBXProject section */

/* Begin PBXResourcesBuildPhase section */
		1814301D2B7D662A001CED17 /* Resources */ = {
			isa = PBXResourcesBuildPhase;
			buildActionMask = 2147483647;
			files = (
				1814302A2B7D662B001CED17 /* Preview Assets.xcassets in Resources */,
				181430272B7D662B001CED17 /* Assets.xcassets in Resources */,
			);
			runOnlyForDeploymentPostprocessing = 0;
		};
		1814302D2B7D662C001CED17 /* Resources */ = {
			isa = PBXResourcesBuildPhase;
			buildActionMask = 2147483647;
			files = (
			);
			runOnlyForDeploymentPostprocessing = 0;
		};
		181430372B7D662C001CED17 /* Resources */ = {
			isa = PBXResourcesBuildPhase;
			buildActionMask = 2147483647;
			files = (
			);
			runOnlyForDeploymentPostprocessing = 0;
		};
/* End PBXResourcesBuildPhase section */

/* Begin PBXSourcesBuildPhase section */
		1814301B2B7D662A001CED17 /* Sources */ = {
			isa = PBXSourcesBuildPhase;
			buildActionMask = 2147483647;
			files = (
				181430252B7D662A001CED17 /* ContentView.swift in Sources */,
				184521122B8AC225003833BF /* MapView.swift in Sources */,
				181430232B7D662A001CED17 /* HydroHunterApp.swift in Sources */,
			);
			runOnlyForDeploymentPostprocessing = 0;
		};
		1814302B2B7D662C001CED17 /* Sources */ = {
			isa = PBXSourcesBuildPhase;
			buildActionMask = 2147483647;
			files = (
				181430342B7D662C001CED17 /* HydroHunterTests.swift in Sources */,
			);
			runOnlyForDeploymentPostprocessing = 0;
		};
		181430352B7D662C001CED17 /* Sources */ = {
			isa = PBXSourcesBuildPhase;
			buildActionMask = 2147483647;
			files = (
				1814303E2B7D662C001CED17 /* HydroHunterUITests.swift in Sources */,
				181430402B7D662C001CED17 /* HydroHunterUITestsLaunchTests.swift in Sources */,
			);
			runOnlyForDeploymentPostprocessing = 0;
		};
/* End PBXSourcesBuildPhase section */

/* Begin PBXTargetDependency section */
		181430312B7D662C001CED17 /* PBXTargetDependency */ = {
			isa = PBXTargetDependency;
			target = 1814301E2B7D662A001CED17 /* HydroHunter */;
			targetProxy = 181430302B7D662C001CED17 /* PBXContainerItemProxy */;
		};
		1814303B2B7D662C001CED17 /* PBXTargetDependency */ = {
			isa = PBXTargetDependency;
			target = 1814301E2B7D662A001CED17 /* HydroHunter */;
			targetProxy = 1814303A2B7D662C001CED17 /* PBXContainerItemProxy */;
		};
/* End PBXTargetDependency section */

/* Begin XCBuildConfiguration section */
		181430412B7D662C001CED17 /* Debug */ = {
			isa = XCBuildConfiguration;
			buildSettings = {
				ALWAYS_SEARCH_USER_PATHS = NO;
				ASSETCATALOG_COMPILER_GENERATE_SWIFT_ASSET_SYMBOL_EXTENSIONS = YES;
				CLANG_ANALYZER_NONNULL = YES;
				CLANG_ANALYZER_NUMBER_OBJECT_CONVERSION = YES_AGGRESSIVE;
				CLANG_CXX_LANGUAGE_STANDARD = "gnu++20";
				CLANG_ENABLE_MODULES = YES;
				CLANG_ENABLE_OBJC_ARC = YES;
				CLANG_ENABLE_OBJC_WEAK = YES;
				CLANG_WARN_BLOCK_CAPTURE_AUTORELEASING = YES;
				CLANG_WARN_BOOL_CONVERSION = YES;
				CLANG_WARN_COMMA = YES;
				CLANG_WARN_CONSTANT_CONVERSION = YES;
				CLANG_WARN_DEPRECATED_OBJC_IMPLEMENTATIONS = YES;
				CLANG_WARN_DIRECT_OBJC_ISA_USAGE = YES_ERROR;
				CLANG_WARN_DOCUMENTATION_COMMENTS = YES;
				CLANG_WARN_EMPTY_BODY = YES;
				CLANG_WARN_ENUM_CONVERSION = YES;
				CLANG_WARN_INFINITE_RECURSION = YES;
				CLANG_WARN_INT_CONVERSION = YES;
				CLANG_WARN_NON_LITERAL_NULL_CONVERSION = YES;
				CLANG_WARN_OBJC_IMPLICIT_RETAIN_SELF = YES;
				CLANG_WARN_OBJC_LITERAL_CONVERSION = YES;
				CLANG_WARN_OBJC_ROOT_CLASS = YES_ERROR;
				CLANG_WARN_QUOTED_INCLUDE_IN_FRAMEWORK_HEADER = YES;
				CLANG_WARN_RANGE_LOOP_ANALYSIS = YES;
				CLANG_WARN_STRICT_PROTOTYPES = YES;
				CLANG_WARN_SUSPICIOUS_MOVE = YES;
				CLANG_WARN_UNGUARDED_AVAILABILITY = YES_AGGRESSIVE;
				CLANG_WARN_UNREACHABLE_CODE = YES;
				CLANG_WARN__DUPLICATE_METHOD_MATCH = YES;
				COPY_PHASE_STRIP = NO;
				DEBUG_INFORMATION_FORMAT = dwarf;
				ENABLE_STRICT_OBJC_MSGSEND = YES;
				ENABLE_TESTABILITY = YES;
				ENABLE_USER_SCRIPT_SANDBOXING = YES;
				GCC_C_LANGUAGE_STANDARD = gnu17;
				GCC_DYNAMIC_NO_PIC = NO;
				GCC_NO_COMMON_BLOCKS = YES;
				GCC_OPTIMIZATION_LEVEL = 0;
				GCC_PREPROCESSOR_DEFINITIONS = (
					"DEBUG=1",
					"$(inherited)",
				);
				GCC_WARN_64_TO_32_BIT_CONVERSION = YES;
				GCC_WARN_ABOUT_RETURN_TYPE = YES_ERROR;
				GCC_WARN_UNDECLARED_SELECTOR = YES;
				GCC_WARN_UNINITIALIZED_AUTOS = YES_AGGRESSIVE;
				GCC_WARN_UNUSED_FUNCTION = YES;
				GCC_WARN_UNUSED_VARIABLE = YES;
				IPHONEOS_DEPLOYMENT_TARGET = 17.2;
				LOCALIZATION_PREFERS_STRING_CATALOGS = YES;
				MTL_ENABLE_DEBUG_INFO = INCLUDE_SOURCE;
				MTL_FAST_MATH = YES;
				ONLY_ACTIVE_ARCH = YES;
				SDKROOT = iphoneos;
				SWIFT_ACTIVE_COMPILATION_CONDITIONS = "DEBUG $(inherited)";
				SWIFT_OPTIMIZATION_LEVEL = "-Onone";
			};
			name = Debug;
		};
		181430422B7D662C001CED17 /* Release */ = {
			isa = XCBuildConfiguration;
			buildSettings = {
				ALWAYS_SEARCH_USER_PATHS = NO;
				ASSETCATALOG_COMPILER_GENERATE_SWIFT_ASSET_SYMBOL_EXTENSIONS = YES;
				CLANG_ANALYZER_NONNULL = YES;
				CLANG_ANALYZER_NUMBER_OBJECT_CONVERSION = YES_AGGRESSIVE;
				CLANG_CXX_LANGUAGE_STANDARD = "gnu++20";
				CLANG_ENABLE_MODULES = YES;
				CLANG_ENABLE_OBJC_ARC = YES;
				CLANG_ENABLE_OBJC_WEAK = YES;
				CLANG_WARN_BLOCK_CAPTURE_AUTORELEASING = YES;
				CLANG_WARN_BOOL_CONVERSION = YES;
				CLANG_WARN_COMMA = YES;
				CLANG_WARN_CONSTANT_CONVERSION = YES;
				CLANG_WARN_DEPRECATED_OBJC_IMPLEMENTATIONS = YES;
				CLANG_WARN_DIRECT_OBJC_ISA_USAGE = YES_ERROR;
				CLANG_WARN_DOCUMENTATION_COMMENTS = YES;
				CLANG_WARN_EMPTY_BODY = YES;
				CLANG_WARN_ENUM_CONVERSION = YES;
				CLANG_WARN_INFINITE_RECURSION = YES;
				CLANG_WARN_INT_CONVERSION = YES;
				CLANG_WARN_NON_LITERAL_NULL_CONVERSION = YES;
				CLANG_WARN_OBJC_IMPLICIT_RETAIN_SELF = YES;
				CLANG_WARN_OBJC_LITERAL_CONVERSION = YES;
				CLANG_WARN_OBJC_ROOT_CLASS = YES_ERROR;
				CLANG_WARN_QUOTED_INCLUDE_IN_FRAMEWORK_HEADER = YES;
				CLANG_WARN_RANGE_LOOP_ANALYSIS = YES;
				CLANG_WARN_STRICT_PROTOTYPES = YES;
				CLANG_WARN_SUSPICIOUS_MOVE = YES;
				CLANG_WARN_UNGUARDED_AVAILABILITY = YES_AGGRESSIVE;
				CLANG_WARN_UNREACHABLE_CODE = YES;
				CLANG_WARN__DUPLICATE_METHOD_MATCH = YES;
				COPY_PHASE_STRIP = NO;
				DEBUG_INFORMATION_FORMAT = "dwarf-with-dsym";
				ENABLE_NS_ASSERTIONS = NO;
				ENABLE_STRICT_OBJC_MSGSEND = YES;
				ENABLE_USER_SCRIPT_SANDBOXING = YES;
				GCC_C_LANGUAGE_STANDARD = gnu17;
				GCC_NO_COMMON_BLOCKS = YES;
				GCC_WARN_64_TO_32_BIT_CONVERSION = YES;
				GCC_WARN_ABOUT_RETURN_TYPE = YES_ERROR;
				GCC_WARN_UNDECLARED_SELECTOR = YES;
				GCC_WARN_UNINITIALIZED_AUTOS = YES_AGGRESSIVE;
				GCC_WARN_UNUSED_FUNCTION = YES;
				GCC_WARN_UNUSED_VARIABLE = YES;
				IPHONEOS_DEPLOYMENT_TARGET = 17.2;
				LOCALIZATION_PREFERS_STRING_CATALOGS = YES;
				MTL_ENABLE_DEBUG_INFO = NO;
				MTL_FAST_MATH = YES;
				SDKROOT = iphoneos;
				SWIFT_COMPILATION_MODE = wholemodule;
				VALIDATE_PRODUCT = YES;
			};
			name = Release;
		};
		181430442B7D662C001CED17 /* Debug */ = {
			isa = XCBuildConfiguration;
			buildSettings = {
				ASSETCATALOG_COMPILER_APPICON_NAME = AppIcon;
				ASSETCATALOG_COMPILER_GLOBAL_ACCENT_COLOR_NAME = AccentColor;
				CODE_SIGN_STYLE = Automatic;
				CURRENT_PROJECT_VERSION = 1;
				DEVELOPMENT_ASSET_PATHS = "\"HydroHunter/Preview Content\"";
				DEVELOPMENT_TEAM = 84MW3W3SX8;
				ENABLE_PREVIEWS = YES;
				GENERATE_INFOPLIST_FILE = YES;
				INFOPLIST_KEY_UIApplicationSceneManifest_Generation = YES;
				INFOPLIST_KEY_UIApplicationSupportsIndirectInputEvents = YES;
				INFOPLIST_KEY_UILaunchScreen_Generation = YES;
				INFOPLIST_KEY_UISupportedInterfaceOrientations_iPad = "UIInterfaceOrientationPortrait UIInterfaceOrientationPortraitUpsideDown UIInterfaceOrientationLandscapeLeft UIInterfaceOrientationLandscapeRight";
				INFOPLIST_KEY_UISupportedInterfaceOrientations_iPhone = "UIInterfaceOrientationPortrait UIInterfaceOrientationLandscapeLeft UIInterfaceOrientationLandscapeRight";
				LD_RUNPATH_SEARCH_PATHS = (
					"$(inherited)",
					"@executable_path/Frameworks",
				);
				MARKETING_VERSION = 1.0;
				PRODUCT_BUNDLE_IDENTIFIER = com.777.HydroHunter.HydroHunter;
				PRODUCT_NAME = "$(TARGET_NAME)";
				SWIFT_EMIT_LOC_STRINGS = YES;
				SWIFT_VERSION = 5.0;
				TARGETED_DEVICE_FAMILY = "1,2";
			};
			name = Debug;
		};
		181430452B7D662C001CED17 /* Release */ = {
			isa = XCBuildConfiguration;
			buildSettings = {
				ASSETCATALOG_COMPILER_APPICON_NAME = AppIcon;
				ASSETCATALOG_COMPILER_GLOBAL_ACCENT_COLOR_NAME = AccentColor;
				CODE_SIGN_STYLE = Automatic;
				CURRENT_PROJECT_VERSION = 1;
				DEVELOPMENT_ASSET_PATHS = "\"HydroHunter/Preview Content\"";
				DEVELOPMENT_TEAM = 84MW3W3SX8;
				ENABLE_PREVIEWS = YES;
				GENERATE_INFOPLIST_FILE = YES;
				INFOPLIST_KEY_UIApplicationSceneManifest_Generation = YES;
				INFOPLIST_KEY_UIApplicationSupportsIndirectInputEvents = YES;
				INFOPLIST_KEY_UILaunchScreen_Generation = YES;
				INFOPLIST_KEY_UISupportedInterfaceOrientations_iPad = "UIInterfaceOrientationPortrait UIInterfaceOrientationPortraitUpsideDown UIInterfaceOrientationLandscapeLeft UIInterfaceOrientationLandscapeRight";
				INFOPLIST_KEY_UISupportedInterfaceOrientations_iPhone = "UIInterfaceOrientationPortrait UIInterfaceOrientationLandscapeLeft UIInterfaceOrientationLandscapeRight";
				LD_RUNPATH_SEARCH_PATHS = (
					"$(inherited)",
					"@executable_path/Frameworks",
				);
				MARKETING_VERSION = 1.0;
				PRODUCT_BUNDLE_IDENTIFIER = com.777.HydroHunter.HydroHunter;
				PRODUCT_NAME = "$(TARGET_NAME)";
				SWIFT_EMIT_LOC_STRINGS = YES;
				SWIFT_VERSION = 5.0;
				TARGETED_DEVICE_FAMILY = "1,2";
			};
			name = Release;
		};
		181430472B7D662C001CED17 /* Debug */ = {
			isa = XCBuildConfiguration;
			buildSettings = {
				ALWAYS_EMBED_SWIFT_STANDARD_LIBRARIES = YES;
				BUNDLE_LOADER = "$(TEST_HOST)";
				CODE_SIGN_STYLE = Automatic;
				CURRENT_PROJECT_VERSION = 1;
				DEVELOPMENT_TEAM = 84MW3W3SX8;
				GENERATE_INFOPLIST_FILE = YES;
				IPHONEOS_DEPLOYMENT_TARGET = 17.2;
				MARKETING_VERSION = 1.0;
				PRODUCT_BUNDLE_IDENTIFIER = com.777.HydroHunter.HydroHunterTests;
				PRODUCT_NAME = "$(TARGET_NAME)";
				SWIFT_EMIT_LOC_STRINGS = NO;
				SWIFT_VERSION = 5.0;
				TARGETED_DEVICE_FAMILY = "1,2";
				TEST_HOST = "$(BUILT_PRODUCTS_DIR)/HydroHunter.app/$(BUNDLE_EXECUTABLE_FOLDER_PATH)/HydroHunter";
			};
			name = Debug;
		};
		181430482B7D662C001CED17 /* Release */ = {
			isa = XCBuildConfiguration;
			buildSettings = {
				ALWAYS_EMBED_SWIFT_STANDARD_LIBRARIES = YES;
				BUNDLE_LOADER = "$(TEST_HOST)";
				CODE_SIGN_STYLE = Automatic;
				CURRENT_PROJECT_VERSION = 1;
				DEVELOPMENT_TEAM = 84MW3W3SX8;
				GENERATE_INFOPLIST_FILE = YES;
				IPHONEOS_DEPLOYMENT_TARGET = 17.2;
				MARKETING_VERSION = 1.0;
				PRODUCT_BUNDLE_IDENTIFIER = com.777.HydroHunter.HydroHunterTests;
				PRODUCT_NAME = "$(TARGET_NAME)";
				SWIFT_EMIT_LOC_STRINGS = NO;
				SWIFT_VERSION = 5.0;
				TARGETED_DEVICE_FAMILY = "1,2";
				TEST_HOST = "$(BUILT_PRODUCTS_DIR)/HydroHunter.app/$(BUNDLE_EXECUTABLE_FOLDER_PATH)/HydroHunter";
			};
			name = Release;
		};
		1814304A2B7D662C001CED17 /* Debug */ = {
			isa = XCBuildConfiguration;
			buildSettings = {
				ALWAYS_EMBED_SWIFT_STANDARD_LIBRARIES = YES;
				CODE_SIGN_STYLE = Automatic;
				CURRENT_PROJECT_VERSION = 1;
				DEVELOPMENT_TEAM = 84MW3W3SX8;
				GENERATE_INFOPLIST_FILE = YES;
				MARKETING_VERSION = 1.0;
				PRODUCT_BUNDLE_IDENTIFIER = com.777.HydroHunter.HydroHunterUITests;
				PRODUCT_NAME = "$(TARGET_NAME)";
				SWIFT_EMIT_LOC_STRINGS = NO;
				SWIFT_VERSION = 5.0;
				TARGETED_DEVICE_FAMILY = "1,2";
				TEST_TARGET_NAME = HydroHunter;
			};
			name = Debug;
		};
		1814304B2B7D662C001CED17 /* Release */ = {
			isa = XCBuildConfiguration;
			buildSettings = {
				ALWAYS_EMBED_SWIFT_STANDARD_LIBRARIES = YES;
				CODE_SIGN_STYLE = Automatic;
				CURRENT_PROJECT_VERSION = 1;
				DEVELOPMENT_TEAM = 84MW3W3SX8;
				GENERATE_INFOPLIST_FILE = YES;
				MARKETING_VERSION = 1.0;
				PRODUCT_BUNDLE_IDENTIFIER = com.777.HydroHunter.HydroHunterUITests;
				PRODUCT_NAME = "$(TARGET_NAME)";
				SWIFT_EMIT_LOC_STRINGS = NO;
				SWIFT_VERSION = 5.0;
				TARGETED_DEVICE_FAMILY = "1,2";
				TEST_TARGET_NAME = HydroHunter;
			};
			name = Release;
		};
/* End XCBuildConfiguration section */

/* Begin XCConfigurationList section */
		1814301A2B7D662A001CED17 /* Build configuration list for PBXProject "HydroHunter" */ = {
			isa = XCConfigurationList;
			buildConfigurations = (
				181430412B7D662C001CED17 /* Debug */,
				181430422B7D662C001CED17 /* Release */,
			);
			defaultConfigurationIsVisible = 0;
			defaultConfigurationName = Release;
		};
		181430432B7D662C001CED17 /* Build configuration list for PBXNativeTarget "HydroHunter" */ = {
			isa = XCConfigurationList;
			buildConfigurations = (
				181430442B7D662C001CED17 /* Debug */,
				181430452B7D662C001CED17 /* Release */,
			);
			defaultConfigurationIsVisible = 0;
			defaultConfigurationName = Release;
		};
		181430462B7D662C001CED17 /* Build configuration list for PBXNativeTarget "HydroHunterTests" */ = {
			isa = XCConfigurationList;
			buildConfigurations = (
				181430472B7D662C001CED17 /* Debug */,
				181430482B7D662C001CED17 /* Release */,
			);
			defaultConfigurationIsVisible = 0;
			defaultConfigurationName = Release;
		};
		181430492B7D662C001CED17 /* Build configuration list for PBXNativeTarget "HydroHunterUITests" */ = {
			isa = XCConfigurationList;
			buildConfigurations = (
				1814304A2B7D662C001CED17 /* Debug */,
				1814304B2B7D662C001CED17 /* Release */,
			);
			defaultConfigurationIsVisible = 0;
			defaultConfigurationName = Release;
		};
/* End XCConfigurationList section */
	};
	rootObject = 181430172B7D662A001CED17 /* Project object */;
}
